
Microsoft Visual Studio Solution File, Format Version 12.00
# Visual Studio Version 17
VisualStudioVersion = 17.10.34916.146
MinimumVisualStudioVersion = 10.0.40219.1
Project("{FAE04EC0-301F-11D3-BF4B-00C04F79EFBC}") = "SoccerOpenServer", "SoccerOpenServer\SoccerOpenServer.csproj", "{B0C33EBC-CB1B-4D4D-93C6-87A6C8B87D13}"
EndProject
Project("{FAE04EC0-301F-11D3-BF4B-00C04F79EFBC}") = "SoccerOpenServer.Tests", "SoccerOpenServer.Tests\SoccerOpenServer.Tests.csproj", "{524F81DD-093E-41F6-83D1-1187AFD3831D}"
EndProject
Global
	GlobalSection(SolutionConfigurationPlatforms) = preSolution
		Debug|Any CPU = Debug|Any CPU
		Debug|x64 = Debug|x64
		Debug|x86 = Debug|x86
		Release|Any CPU = Release|Any CPU
		Release|x64 = Release|x64
		Release|x86 = Release|x86
	EndGlobalSection
	GlobalSection(ProjectConfigurationPlatforms) = postSolution
		{B0C33EBC-CB1B-4D4D-93C6-87A6C8B87D13}.Debug|Any CPU.ActiveCfg = Debug|Any CPU
		{B0C33EBC-CB1B-4D4D-93C6-87A6C8B87D13}.Debug|Any CPU.Build.0 = Debug|Any CPU
		{B0C33EBC-CB1B-4D4D-93C6-87A6C8B87D13}.Debug|x64.ActiveCfg = Debug|Any CPU
		{B0C33EBC-CB1B-4D4D-93C6-87A6C8B87D13}.Debug|x64.Build.0 = Debug|Any CPU
		{B0C33EBC-CB1B-4D4D-93C6-87A6C8B87D13}.Debug|x86.ActiveCfg = Debug|Any CPU
		{B0C33EBC-CB1B-4D4D-93C6-87A6C8B87D13}.Debug|x86.Build.0 = Debug|Any CPU
		{B0C33EBC-CB1B-4D4D-93C6-87A6C8B87D13}.Release|Any CPU.ActiveCfg = Release|Any CPU
		{B0C33EBC-CB1B-4D4D-93C6-87A6C8B87D13}.Release|Any CPU.Build.0 = Release|Any CPU
		{B0C33EBC-CB1B-4D4D-93C6-87A6C8B87D13}.Release|x64.ActiveCfg = Release|Any CPU
		{B0C33EBC-CB1B-4D4D-93C6-87A6C8B87D13}.Release|x64.Build.0 = Release|Any CPU
		{B0C33EBC-CB1B-4D4D-93C6-87A6C8B87D13}.Release|x86.ActiveCfg = Release|Any CPU
		{B0C33EBC-CB1B-4D4D-93C6-87A6C8B87D13}.Release|x86.Build.0 = Release|Any CPU
		{524F81DD-093E-41F6-83D1-1187AFD3831D}.Debug|Any CPU.ActiveCfg = Debug|Any CPU
		{524F81DD-093E-41F6-83D1-1187AFD3831D}.Debug|Any CPU.Build.0 = Debug|Any CPU
		{524F81DD-093E-41F6-83D1-1187AFD3831D}.Debug|x64.ActiveCfg = Debug|Any CPU
		{524F81DD-093E-41F6-83D1-1187AFD3831D}.Debug|x64.Build.0 = Debug|Any CPU
		{524F81DD-093E-41F6-83D1-1187AFD3831D}.Debug|x86.ActiveCfg = Debug|Any CPU
		{524F81DD-093E-41F6-83D1-1187AFD3831D}.Debug|x86.Build.0 = Debug|Any CPU
		{524F81DD-093E-41F6-83D1-1187AFD3831D}.Release|Any CPU.ActiveCfg = Release|Any CPU
		{524F81DD-093E-41F6-83D1-1187AFD3831D}.Release|Any CPU.Build.0 = Release|Any CPU
		{524F81DD-093E-41F6-83D1-1187AFD3831D}.Release|x64.ActiveCfg = Release|Any CPU
		{524F81DD-093E-41F6-83D1-1187AFD3831D}.Release|x64.Build.0 = Release|Any CPU
		{524F81DD-093E-41F6-83D1-1187AFD3831D}.Release|x86.ActiveCfg = Release|Any CPU
		{524F81DD-093E-41F6-83D1-1187AFD3831D}.Release|x86.Build.0 = Release|Any CPU
	EndGlobalSection
	GlobalSection(SolutionProperties) = preSolution
		HideSolutionNode = FALSE
	EndGlobalSection
	GlobalSection(ExtensibilityGlobals) = postSolution
		SolutionGuid = {56C0D3BB-BD32-4E4D-8C63-48CFD45C703F}
	EndGlobalSection
EndGlobal
